
Microsoft Visual Studio Solution File, Format Version 12.00
# Visual Studio 2012
Project("{8BC9CEB8-8B4A-11D0-8D11-00A0C91BC942}") = "OSPF", "OSPF\OSPF.vcxproj", "{EE962D9C-99D1-4395-9987-2305A2EB7C3D}"
EndProject
Global
	GlobalSection(SolutionConfigurationPlatforms) = preSolution
		Debug|Win32 = Debug|Win32
		Release|Win32 = Release|Win32
	EndGlobalSection
	GlobalSection(ProjectConfigurationPlatforms) = postSolution
		{EE962D9C-99D1-4395-9987-2305A2EB7C3D}.Debug|Win32.ActiveCfg = Debug|Win32
		{EE962D9C-99D1-4395-9987-2305A2EB7C3D}.Debug|Win32.Build.0 = Debug|Win32
		{EE962D9C-99D1-4395-9987-2305A2EB7C3D}.Release|Win32.ActiveCfg = Release|Win32
		{EE962D9C-99D1-4395-9987-2305A2EB7C3D}.Release|Win32.Build.0 = Release|Win32
	EndGlobalSection
	GlobalSection(SolutionProperties) = preSolution
		HideSolutionNode = FALSE
	EndGlobalSection
EndGlobal
