
Microsoft Visual Studio Solution File, Format Version 12.00
# Visual Studio 2012
Project("{8BC9CEB8-8B4A-11D0-8D11-00A0C91BC942}") = "Backus Naur", "Backus Naur\Backus Naur.vcxproj", "{B1C6F130-A427-4F49-A6F9-D0CE135A632F}"
EndProject
Global
	GlobalSection(SolutionConfigurationPlatforms) = preSolution
		Debug|Win32 = Debug|Win32
		Release|Win32 = Release|Win32
	EndGlobalSection
	GlobalSection(ProjectConfigurationPlatforms) = postSolution
		{B1C6F130-A427-4F49-A6F9-D0CE135A632F}.Debug|Win32.ActiveCfg = Debug|Win32
		{B1C6F130-A427-4F49-A6F9-D0CE135A632F}.Debug|Win32.Build.0 = Debug|Win32
		{B1C6F130-A427-4F49-A6F9-D0CE135A632F}.Release|Win32.ActiveCfg = Release|Win32
		{B1C6F130-A427-4F49-A6F9-D0CE135A632F}.Release|Win32.Build.0 = Release|Win32
	EndGlobalSection
	GlobalSection(SolutionProperties) = preSolution
		HideSolutionNode = FALSE
	EndGlobalSection
EndGlobal
